// !$*UTF8*$!
{
	archiveVersion = 1;
	classes = {
	};
	objectVersion = 50;
	objects = {

/* Begin PBXBuildFile section */
		A36DEAD620E5BD3B0021439F /* AppDelegate.swift in Sources */ = {isa = PBXBuildFile; fileRef = A36DEAD520E5BD3B0021439F /* AppDelegate.swift */; };
		A36DEAD820E5BD3B0021439F /* ViewController.swift in Sources */ = {isa = PBXBuildFile; fileRef = A36DEAD720E5BD3B0021439F /* ViewController.swift */; };
		A36DEADB20E5BD3B0021439F /* Main.storyboard in Resources */ = {isa = PBXBuildFile; fileRef = A36DEAD920E5BD3B0021439F /* Main.storyboard */; };
		A36DEADD20E5BD3C0021439F /* Assets.xcassets in Resources */ = {isa = PBXBuildFile; fileRef = A36DEADC20E5BD3C0021439F /* Assets.xcassets */; };
		A36DEAE020E5BD3C0021439F /* LaunchScreen.storyboard in Resources */ = {isa = PBXBuildFile; fileRef = A36DEADE20E5BD3C0021439F /* LaunchScreen.storyboard */; };
		A36DEAEB20E5BD3C0021439F /* BaseProjectTests.swift in Sources */ = {isa = PBXBuildFile; fileRef = A36DEAEA20E5BD3C0021439F /* BaseProjectTests.swift */; };
		A36DEAF620E5BD3C0021439F /* BaseProjectUITests.swift in Sources */ = {isa = PBXBuildFile; fileRef = A36DEAF520E5BD3C0021439F /* BaseProjectUITests.swift */; };
/* End PBXBuildFile section */

/* Begin PBXContainerItemProxy section */
		A36DEAE720E5BD3C0021439F /* PBXContainerItemProxy */ = {
			isa = PBXContainerItemProxy;
			containerPortal = A36DEACA20E5BD3B0021439F /* Project object */;
			proxyType = 1;
			remoteGlobalIDString = A36DEAD120E5BD3B0021439F;
			remoteInfo = BaseProject;
		};
		A36DEAF220E5BD3C0021439F /* PBXContainerItemProxy */ = {
			isa = PBXContainerItemProxy;
			containerPortal = A36DEACA20E5BD3B0021439F /* Project object */;
			proxyType = 1;
			remoteGlobalIDString = A36DEAD120E5BD3B0021439F;
			remoteInfo = BaseProject;
		};
/* End PBXContainerItemProxy section */

/* Begin PBXFileReference section */
		A36DEAD220E5BD3B0021439F /* BaseProject.app */ = {isa = PBXFileReference; explicitFileType = wrapper.application; includeInIndex = 0; path = BaseProject.app; sourceTree = BUILT_PRODUCTS_DIR; };
		A36DEAD520E5BD3B0021439F /* AppDelegate.swift */ = {isa = PBXFileReference; lastKnownFileType = sourcecode.swift; path = AppDelegate.swift; sourceTree = "<group>"; };
		A36DEAD720E5BD3B0021439F /* ViewController.swift */ = {isa = PBXFileReference; lastKnownFileType = sourcecode.swift; path = ViewController.swift; sourceTree = "<group>"; };
		A36DEADA20E5BD3B0021439F /* Base */ = {isa = PBXFileReference; lastKnownFileType = file.storyboard; name = Base; path = Base.lproj/Main.storyboard; sourceTree = "<group>"; };
		A36DEADC20E5BD3C0021439F /* Assets.xcassets */ = {isa = PBXFileReference; lastKnownFileType = folder.assetcatalog; path = Assets.xcassets; sourceTree = "<group>"; };
		A36DEADF20E5BD3C0021439F /* Base */ = {isa = PBXFileReference; lastKnownFileType = file.storyboard; name = Base; path = Base.lproj/LaunchScreen.storyboard; sourceTree = "<group>"; };
		A36DEAE120E5BD3C0021439F /* Info.plist */ = {isa = PBXFileReference; lastKnownFileType = text.plist.xml; path = Info.plist; sourceTree = "<group>"; };
		A36DEAE620E5BD3C0021439F /* BaseProjectTests.xctest */ = {isa = PBXFileReference; explicitFileType = wrapper.cfbundle; includeInIndex = 0; path = BaseProjectTests.xctest; sourceTree = BUILT_PRODUCTS_DIR; };
		A36DEAEA20E5BD3C0021439F /* BaseProjectTests.swift */ = {isa = PBXFileReference; lastKnownFileType = sourcecode.swift; path = BaseProjectTests.swift; sourceTree = "<group>"; };
		A36DEAEC20E5BD3C0021439F /* Info.plist */ = {isa = PBXFileReference; lastKnownFileType = text.plist.xml; path = Info.plist; sourceTree = "<group>"; };
		A36DEAF120E5BD3C0021439F /* BaseProjectUITests.xctest */ = {isa = PBXFileReference; explicitFileType = wrapper.cfbundle; includeInIndex = 0; path = BaseProjectUITests.xctest; sourceTree = BUILT_PRODUCTS_DIR; };
		A36DEAF520E5BD3C0021439F /* BaseProjectUITests.swift */ = {isa = PBXFileReference; lastKnownFileType = sourcecode.swift; path = BaseProjectUITests.swift; sourceTree = "<group>"; };
		A36DEAF720E5BD3C0021439F /* Info.plist */ = {isa = PBXFileReference; lastKnownFileType = text.plist.xml; path = Info.plist; sourceTree = "<group>"; };
/* End PBXFileReference section */

/* Begin PBXFrameworksBuildPhase section */
		A36DEACF20E5BD3B0021439F /* Frameworks */ = {
			isa = PBXFrameworksBuildPhase;
			buildActionMask = 2147483647;
			files = (
			);
			runOnlyForDeploymentPostprocessing = 0;
		};
		A36DEAE320E5BD3C0021439F /* Frameworks */ = {
			isa = PBXFrameworksBuildPhase;
			buildActionMask = 2147483647;
			files = (
			);
			runOnlyForDeploymentPostprocessing = 0;
		};
		A36DEAEE20E5BD3C0021439F /* Frameworks */ = {
			isa = PBXFrameworksBuildPhase;
			buildActionMask = 2147483647;
			files = (
			);
			runOnlyForDeploymentPostprocessing = 0;
		};
/* End PBXFrameworksBuildPhase section */

/* Begin PBXGroup section */
		A36DEAC920E5BD3B0021439F = {
			isa = PBXGroup;
			children = (
				A36DEAD420E5BD3B0021439F /* BaseProject */,
				A36DEAE920E5BD3C0021439F /* BaseProjectTests */,
				A36DEAF420E5BD3C0021439F /* BaseProjectUITests */,
				A36DEAD320E5BD3B0021439F /* Products */,
			);
			sourceTree = "<group>";
		};
		A36DEAD320E5BD3B0021439F /* Products */ = {
			isa = PBXGroup;
			children = (
				A36DEAD220E5BD3B0021439F /* BaseProject.app */,
				A36DEAE620E5BD3C0021439F /* BaseProjectTests.xctest */,
				A36DEAF120E5BD3C0021439F /* BaseProjectUITests.xctest */,
			);
			name = Products;
			sourceTree = "<group>";
		};
		A36DEAD420E5BD3B0021439F /* BaseProject */ = {
			isa = PBXGroup;
			children = (
				A36DEAD520E5BD3B0021439F /* AppDelegate.swift */,
				A36DEAD720E5BD3B0021439F /* ViewController.swift */,
				A36DEAD920E5BD3B0021439F /* Main.storyboard */,
				A36DEADC20E5BD3C0021439F /* Assets.xcassets */,
				A36DEADE20E5BD3C0021439F /* LaunchScreen.storyboard */,
				A36DEAE120E5BD3C0021439F /* Info.plist */,
			);
			path = BaseProject;
			sourceTree = "<group>";
		};
		A36DEAE920E5BD3C0021439F /* BaseProjectTests */ = {
			isa = PBXGroup;
			children = (
				A36DEAEA20E5BD3C0021439F /* BaseProjectTests.swift */,
				A36DEAEC20E5BD3C0021439F /* Info.plist */,
			);
			path = BaseProjectTests;
			sourceTree = "<group>";
		};
		A36DEAF420E5BD3C0021439F /* BaseProjectUITests */ = {
			isa = PBXGroup;
			children = (
				A36DEAF520E5BD3C0021439F /* BaseProjectUITests.swift */,
				A36DEAF720E5BD3C0021439F /* Info.plist */,
			);
			path = BaseProjectUITests;
			sourceTree = "<group>";
		};
/* End PBXGroup section */

/* Begin PBXNativeTarget section */
		A36DEAD120E5BD3B0021439F /* BaseProject */ = {
			isa = PBXNativeTarget;
			buildConfigurationList = A36DEAFA20E5BD3C0021439F /* Build configuration list for PBXNativeTarget "BaseProject" */;
			buildPhases = (
				A36DEACE20E5BD3B0021439F /* Sources */,
				A36DEACF20E5BD3B0021439F /* Frameworks */,
				A36DEAD020E5BD3B0021439F /* Resources */,
			);
			buildRules = (
			);
			dependencies = (
			);
			name = BaseProject;
			productName = BaseProject;
			productReference = A36DEAD220E5BD3B0021439F /* BaseProject.app */;
			productType = "com.apple.product-type.application";
		};
		A36DEAE520E5BD3C0021439F /* BaseProjectTests */ = {
			isa = PBXNativeTarget;
			buildConfigurationList = A36DEAFD20E5BD3C0021439F /* Build configuration list for PBXNativeTarget "BaseProjectTests" */;
			buildPhases = (
				A36DEAE220E5BD3C0021439F /* Sources */,
				A36DEAE320E5BD3C0021439F /* Frameworks */,
				A36DEAE420E5BD3C0021439F /* Resources */,
			);
			buildRules = (
			);
			dependencies = (
				A36DEAE820E5BD3C0021439F /* PBXTargetDependency */,
			);
			name = BaseProjectTests;
			productName = BaseProjectTests;
			productReference = A36DEAE620E5BD3C0021439F /* BaseProjectTests.xctest */;
			productType = "com.apple.product-type.bundle.unit-test";
		};
		A36DEAF020E5BD3C0021439F /* BaseProjectUITests */ = {
			isa = PBXNativeTarget;
			buildConfigurationList = A36DEB0020E5BD3C0021439F /* Build configuration list for PBXNativeTarget "BaseProjectUITests" */;
			buildPhases = (
				A36DEAED20E5BD3C0021439F /* Sources */,
				A36DEAEE20E5BD3C0021439F /* Frameworks */,
				A36DEAEF20E5BD3C0021439F /* Resources */,
			);
			buildRules = (
			);
			dependencies = (
				A36DEAF320E5BD3C0021439F /* PBXTargetDependency */,
			);
			name = BaseProjectUITests;
			productName = BaseProjectUITests;
			productReference = A36DEAF120E5BD3C0021439F /* BaseProjectUITests.xctest */;
			productType = "com.apple.product-type.bundle.ui-testing";
		};
/* End PBXNativeTarget section */

/* Begin PBXProject section */
		A36DEACA20E5BD3B0021439F /* Project object */ = {
			isa = PBXProject;
			attributes = {
				LastSwiftUpdateCheck = 0940;
				LastUpgradeCheck = 0940;
				ORGANIZATIONNAME = jintelai;
				TargetAttributes = {
					A36DEAD120E5BD3B0021439F = {
						CreatedOnToolsVersion = 9.4;
					};
					A36DEAE520E5BD3C0021439F = {
						CreatedOnToolsVersion = 9.4;
						TestTargetID = A36DEAD120E5BD3B0021439F;
					};
					A36DEAF020E5BD3C0021439F = {
						CreatedOnToolsVersion = 9.4;
						TestTargetID = A36DEAD120E5BD3B0021439F;
					};
				};
			};
			buildConfigurationList = A36DEACD20E5BD3B0021439F /* Build configuration list for PBXProject "BaseProject" */;
			compatibilityVersion = "Xcode 9.3";
			developmentRegion = en;
			hasScannedForEncodings = 0;
			knownRegions = (
				en,
				Base,
			);
			mainGroup = A36DEAC920E5BD3B0021439F;
			productRefGroup = A36DEAD320E5BD3B0021439F /* Products */;
			projectDirPath = "";
			projectRoot = "";
			targets = (
				A36DEAD120E5BD3B0021439F /* BaseProject */,
				A36DEAE520E5BD3C0021439F /* BaseProjectTests */,
				A36DEAF020E5BD3C0021439F /* BaseProjectUITests */,
			);
		};
/* End PBXProject section */

/* Begin PBXResourcesBuildPhase section */
		A36DEAD020E5BD3B0021439F /* Resources */ = {
			isa = PBXResourcesBuildPhase;
			buildActionMask = 2147483647;
			files = (
				A36DEAE020E5BD3C0021439F /* LaunchScreen.storyboard in Resources */,
				A36DEADD20E5BD3C0021439F /* Assets.xcassets in Resources */,
				A36DEADB20E5BD3B0021439F /* Main.storyboard in Resources */,
			);
			runOnlyForDeploymentPostprocessing = 0;
		};
		A36DEAE420E5BD3C0021439F /* Resources */ = {
			isa = PBXResourcesBuildPhase;
			buildActionMask = 2147483647;
			files = (
			);
			runOnlyForDeploymentPostprocessing = 0;
		};
		A36DEAEF20E5BD3C0021439F /* Resources */ = {
			isa = PBXResourcesBuildPhase;
			buildActionMask = 2147483647;
			files = (
			);
			runOnlyForDeploymentPostprocessing = 0;
		};
/* End PBXResourcesBuildPhase section */

/* Begin PBXSourcesBuildPhase section */
		A36DEACE20E5BD3B0021439F /* Sources */ = {
			isa = PBXSourcesBuildPhase;
			buildActionMask = 2147483647;
			files = (
				A36DEAD820E5BD3B0021439F /* ViewController.swift in Sources */,
				A36DEAD620E5BD3B0021439F /* AppDelegate.swift in Sources */,
			);
			runOnlyForDeploymentPostprocessing = 0;
		};
		A36DEAE220E5BD3C0021439F /* Sources */ = {
			isa = PBXSourcesBuildPhase;
			buildActionMask = 2147483647;
			files = (
				A36DEAEB20E5BD3C0021439F /* BaseProjectTests.swift in Sources */,
			);
			runOnlyForDeploymentPostprocessing = 0;
		};
		A36DEAED20E5BD3C0021439F /* Sources */ = {
			isa = PBXSourcesBuildPhase;
			buildActionMask = 2147483647;
			files = (
				A36DEAF620E5BD3C0021439F /* BaseProjectUITests.swift in Sources */,
			);
			runOnlyForDeploymentPostprocessing = 0;
		};
/* End PBXSourcesBuildPhase section */

/* Begin PBXTargetDependency section */
		A36DEAE820E5BD3C0021439F /* PBXTargetDependency */ = {
			isa = PBXTargetDependency;
			target = A36DEAD120E5BD3B0021439F /* BaseProject */;
			targetProxy = A36DEAE720E5BD3C0021439F /* PBXContainerItemProxy */;
		};
		A36DEAF320E5BD3C0021439F /* PBXTargetDependency */ = {
			isa = PBXTargetDependency;
			target = A36DEAD120E5BD3B0021439F /* BaseProject */;
			targetProxy = A36DEAF220E5BD3C0021439F /* PBXContainerItemProxy */;
		};
/* End PBXTargetDependency section */

/* Begin PBXVariantGroup section */
		A36DEAD920E5BD3B0021439F /* Main.storyboard */ = {
			isa = PBXVariantGroup;
			children = (
				A36DEADA20E5BD3B0021439F /* Base */,
			);
			name = Main.storyboard;
			sourceTree = "<group>";
		};
		A36DEADE20E5BD3C0021439F /* LaunchScreen.storyboard */ = {
			isa = PBXVariantGroup;
			children = (
				A36DEADF20E5BD3C0021439F /* Base */,
			);
			name = LaunchScreen.storyboard;
			sourceTree = "<group>";
		};
/* End PBXVariantGroup section */

/* Begin XCBuildConfiguration section */
		A36DEAF820E5BD3C0021439F /* Debug */ = {
			isa = XCBuildConfiguration;
			buildSettings = {
				ALWAYS_SEARCH_USER_PATHS = NO;
				CLANG_ANALYZER_NONNULL = YES;
				CLANG_ANALYZER_NUMBER_OBJECT_CONVERSION = YES_AGGRESSIVE;
				CLANG_CXX_LANGUAGE_STANDARD = "gnu++14";
				CLANG_CXX_LIBRARY = "libc++";
				CLANG_ENABLE_MODULES = YES;
				CLANG_ENABLE_OBJC_ARC = YES;
				CLANG_ENABLE_OBJC_WEAK = YES;
				CLANG_WARN_BLOCK_CAPTURE_AUTORELEASING = YES;
				CLANG_WARN_BOOL_CONVERSION = YES;
				CLANG_WARN_COMMA = YES;
				CLANG_WARN_CONSTANT_CONVERSION = YES;
				CLANG_WARN_DEPRECATED_OBJC_IMPLEMENTATIONS = YES;
				CLANG_WARN_DIRECT_OBJC_ISA_USAGE = YES_ERROR;
				CLANG_WARN_DOCUMENTATION_COMMENTS = YES;
				CLANG_WARN_EMPTY_BODY = YES;
				CLANG_WARN_ENUM_CONVERSION = YES;
				CLANG_WARN_INFINITE_RECURSION = YES;
				CLANG_WARN_INT_CONVERSION = YES;
				CLANG_WARN_NON_LITERAL_NULL_CONVERSION = YES;
				CLANG_WARN_OBJC_IMPLICIT_RETAIN_SELF = YES;
				CLANG_WARN_OBJC_LITERAL_CONVERSION = YES;
				CLANG_WARN_OBJC_ROOT_CLASS = YES_ERROR;
				CLANG_WARN_RANGE_LOOP_ANALYSIS = YES;
				CLANG_WARN_STRICT_PROTOTYPES = YES;
				CLANG_WARN_SUSPICIOUS_MOVE = YES;
				CLANG_WARN_UNGUARDED_AVAILABILITY = YES_AGGRESSIVE;
				CLANG_WARN_UNREACHABLE_CODE = YES;
				CLANG_WARN__DUPLICATE_METHOD_MATCH = YES;
				CODE_SIGN_IDENTITY = "iPhone Developer";
				COPY_PHASE_STRIP = NO;
				DEBUG_INFORMATION_FORMAT = dwarf;
				ENABLE_STRICT_OBJC_MSGSEND = YES;
				ENABLE_TESTABILITY = YES;
				GCC_C_LANGUAGE_STANDARD = gnu11;
				GCC_DYNAMIC_NO_PIC = NO;
				GCC_NO_COMMON_BLOCKS = YES;
				GCC_OPTIMIZATION_LEVEL = 0;
				GCC_PREPROCESSOR_DEFINITIONS = (
					"DEBUG=1",
					"$(inherited)",
				);
				GCC_WARN_64_TO_32_BIT_CONVERSION = YES;
				GCC_WARN_ABOUT_RETURN_TYPE = YES_ERROR;
				GCC_WARN_UNDECLARED_SELECTOR = YES;
				GCC_WARN_UNINITIALIZED_AUTOS = YES_AGGRESSIVE;
				GCC_WARN_UNUSED_FUNCTION = YES;
				GCC_WARN_UNUSED_VARIABLE = YES;
				IPHONEOS_DEPLOYMENT_TARGET = 11.4;
				MTL_ENABLE_DEBUG_INFO = YES;
				ONLY_ACTIVE_ARCH = YES;
				SDKROOT = iphoneos;
				SWIFT_ACTIVE_COMPILATION_CONDITIONS = DEBUG;
				SWIFT_OPTIMIZATION_LEVEL = "-Onone";
			};
			name = Debug;
		};
		A36DEAF920E5BD3C0021439F /* Release */ = {
			isa = XCBuildConfiguration;
			buildSettings = {
				ALWAYS_SEARCH_USER_PATHS = NO;
				CLANG_ANALYZER_NONNULL = YES;
				CLANG_ANALYZER_NUMBER_OBJECT_CONVERSION = YES_AGGRESSIVE;
				CLANG_CXX_LANGUAGE_STANDARD = "gnu++14";
				CLANG_CXX_LIBRARY = "libc++";
				CLANG_ENABLE_MODULES = YES;
				CLANG_ENABLE_OBJC_ARC = YES;
				CLANG_ENABLE_OBJC_WEAK = YES;
				CLANG_WARN_BLOCK_CAPTURE_AUTORELEASING = YES;
				CLANG_WARN_BOOL_CONVERSION = YES;
				CLANG_WARN_COMMA = YES;
				CLANG_WARN_CONSTANT_CONVERSION = YES;
				CLANG_WARN_DEPRECATED_OBJC_IMPLEMENTATIONS = YES;
				CLANG_WARN_DIRECT_OBJC_ISA_USAGE = YES_ERROR;
				CLANG_WARN_DOCUMENTATION_COMMENTS = YES;
				CLANG_WARN_EMPTY_BODY = YES;
				CLANG_WARN_ENUM_CONVERSION = YES;
				CLANG_WARN_INFINITE_RECURSION = YES;
				CLANG_WARN_INT_CONVERSION = YES;
				CLANG_WARN_NON_LITERAL_NULL_CONVERSION = YES;
				CLANG_WARN_OBJC_IMPLICIT_RETAIN_SELF = YES;
				CLANG_WARN_OBJC_LITERAL_CONVERSION = YES;
				CLANG_WARN_OBJC_ROOT_CLASS = YES_ERROR;
				CLANG_WARN_RANGE_LOOP_ANALYSIS = YES;
				CLANG_WARN_STRICT_PROTOTYPES = YES;
				CLANG_WARN_SUSPICIOUS_MOVE = YES;
				CLANG_WARN_UNGUARDED_AVAILABILITY = YES_AGGRESSIVE;
				CLANG_WARN_UNREACHABLE_CODE = YES;
				CLANG_WARN__DUPLICATE_METHOD_MATCH = YES;
				CODE_SIGN_IDENTITY = "iPhone Developer";
				COPY_PHASE_STRIP = NO;
				DEBUG_INFORMATION_FORMAT = "dwarf-with-dsym";
				ENABLE_NS_ASSERTIONS = NO;
				ENABLE_STRICT_OBJC_MSGSEND = YES;
				GCC_C_LANGUAGE_STANDARD = gnu11;
				GCC_NO_COMMON_BLOCKS = YES;
				GCC_WARN_64_TO_32_BIT_CONVERSION = YES;
				GCC_WARN_ABOUT_RETURN_TYPE = YES_ERROR;
				GCC_WARN_UNDECLARED_SELECTOR = YES;
				GCC_WARN_UNINITIALIZED_AUTOS = YES_AGGRESSIVE;
				GCC_WARN_UNUSED_FUNCTION = YES;
				GCC_WARN_UNUSED_VARIABLE = YES;
				IPHONEOS_DEPLOYMENT_TARGET = 11.4;
				MTL_ENABLE_DEBUG_INFO = NO;
				SDKROOT = iphoneos;
				SWIFT_COMPILATION_MODE = wholemodule;
				SWIFT_OPTIMIZATION_LEVEL = "-O";
				VALIDATE_PRODUCT = YES;
			};
			name = Release;
		};
		A36DEAFB20E5BD3C0021439F /* Debug */ = {
			isa = XCBuildConfiguration;
			buildSettings = {
				ASSETCATALOG_COMPILER_APPICON_NAME = AppIcon;
				CODE_SIGN_STYLE = Automatic;
				INFOPLIST_FILE = BaseProject/Info.plist;
				LD_RUNPATH_SEARCH_PATHS = (
					"$(inherited)",
					"@executable_path/Frameworks",
				);
				PRODUCT_BUNDLE_IDENTIFIER = com.jintelai.test.BaseProject;
				PRODUCT_NAME = "$(TARGET_NAME)";
				SWIFT_VERSION = 4.0;
				TARGETED_DEVICE_FAMILY = "1,2";
			};
			name = Debug;
		};
		A36DEAFC20E5BD3C0021439F /* Release */ = {
			isa = XCBuildConfiguration;
			buildSettings = {
				ASSETCATALOG_COMPILER_APPICON_NAME = AppIcon;
				CODE_SIGN_STYLE = Automatic;
				INFOPLIST_FILE = BaseProject/Info.plist;
				LD_RUNPATH_SEARCH_PATHS = (
					"$(inherited)",
					"@executable_path/Frameworks",
				);
				PRODUCT_BUNDLE_IDENTIFIER = com.jintelai.test.BaseProject;
				PRODUCT_NAME = "$(TARGET_NAME)";
				SWIFT_VERSION = 4.0;
				TARGETED_DEVICE_FAMILY = "1,2";
			};
			name = Release;
		};
		A36DEAFE20E5BD3C0021439F /* Debug */ = {
			isa = XCBuildConfiguration;
			buildSettings = {
				ALWAYS_EMBED_SWIFT_STANDARD_LIBRARIES = YES;
				BUNDLE_LOADER = "$(TEST_HOST)";
				CODE_SIGN_STYLE = Automatic;
				INFOPLIST_FILE = BaseProjectTests/Info.plist;
				LD_RUNPATH_SEARCH_PATHS = (
					"$(inherited)",
					"@executable_path/Frameworks",
					"@loader_path/Frameworks",
				);
				PRODUCT_BUNDLE_IDENTIFIER = com.jintelai.test.BaseProjectTests;
				PRODUCT_NAME = "$(TARGET_NAME)";
				SWIFT_VERSION = 4.0;
				TARGETED_DEVICE_FAMILY = "1,2";
				TEST_HOST = "$(BUILT_PRODUCTS_DIR)/BaseProject.app/BaseProject";
			};
			name = Debug;
		};
		A36DEAFF20E5BD3C0021439F /* Release */ = {
			isa = XCBuildConfiguration;
			buildSettings = {
				ALWAYS_EMBED_SWIFT_STANDARD_LIBRARIES = YES;
				BUNDLE_LOADER = "$(TEST_HOST)";
				CODE_SIGN_STYLE = Automatic;
				INFOPLIST_FILE = BaseProjectTests/Info.plist;
				LD_RUNPATH_SEARCH_PATHS = (
					"$(inherited)",
					"@executable_path/Frameworks",
					"@loader_path/Frameworks",
				);
				PRODUCT_BUNDLE_IDENTIFIER = com.jintelai.test.BaseProjectTests;
				PRODUCT_NAME = "$(TARGET_NAME)";
				SWIFT_VERSION = 4.0;
				TARGETED_DEVICE_FAMILY = "1,2";
				TEST_HOST = "$(BUILT_PRODUCTS_DIR)/BaseProject.app/BaseProject";
			};
			name = Release;
		};
		A36DEB0120E5BD3C0021439F /* Debug */ = {
			isa = XCBuildConfiguration;
			buildSettings = {
				ALWAYS_EMBED_SWIFT_STANDARD_LIBRARIES = YES;
				CODE_SIGN_STYLE = Automatic;
				INFOPLIST_FILE = BaseProjectUITests/Info.plist;
				LD_RUNPATH_SEARCH_PATHS = (
					"$(inherited)",
					"@executable_path/Frameworks",
					"@loader_path/Frameworks",
				);
				PRODUCT_BUNDLE_IDENTIFIER = com.jintelai.test.BaseProjectUITests;
				PRODUCT_NAME = "$(TARGET_NAME)";
				SWIFT_VERSION = 4.0;
				TARGETED_DEVICE_FAMILY = "1,2";
				TEST_TARGET_NAME = BaseProject;
			};
			name = Debug;
		};
		A36DEB0220E5BD3C0021439F /* Release */ = {
			isa = XCBuildConfiguration;
			buildSettings = {
				ALWAYS_EMBED_SWIFT_STANDARD_LIBRARIES = YES;
				CODE_SIGN_STYLE = Automatic;
				INFOPLIST_FILE = BaseProjectUITests/Info.plist;
				LD_RUNPATH_SEARCH_PATHS = (
					"$(inherited)",
					"@executable_path/Frameworks",
					"@loader_path/Frameworks",
				);
				PRODUCT_BUNDLE_IDENTIFIER = com.jintelai.test.BaseProjectUITests;
				PRODUCT_NAME = "$(TARGET_NAME)";
				SWIFT_VERSION = 4.0;
				TARGETED_DEVICE_FAMILY = "1,2";
				TEST_TARGET_NAME = BaseProject;
			};
			name = Release;
		};
/* End XCBuildConfiguration section */

/* Begin XCConfigurationList section */
		A36DEACD20E5BD3B0021439F /* Build configuration list for PBXProject "BaseProject" */ = {
			isa = XCConfigurationList;
			buildConfigurations = (
				A36DEAF820E5BD3C0021439F /* Debug */,
				A36DEAF920E5BD3C0021439F /* Release */,
			);
			defaultConfigurationIsVisible = 0;
			defaultConfigurationName = Release;
		};
		A36DEAFA20E5BD3C0021439F /* Build configuration list for PBXNativeTarget "BaseProject" */ = {
			isa = XCConfigurationList;
			buildConfigurations = (
				A36DEAFB20E5BD3C0021439F /* Debug */,
				A36DEAFC20E5BD3C0021439F /* Release */,
			);
			defaultConfigurationIsVisible = 0;
			defaultConfigurationName = Release;
		};
		A36DEAFD20E5BD3C0021439F /* Build configuration list for PBXNativeTarget "BaseProjectTests" */ = {
			isa = XCConfigurationList;
			buildConfigurations = (
				A36DEAFE20E5BD3C0021439F /* Debug */,
				A36DEAFF20E5BD3C0021439F /* Release */,
			);
			defaultConfigurationIsVisible = 0;
			defaultConfigurationName = Release;
		};
		A36DEB0020E5BD3C0021439F /* Build configuration list for PBXNativeTarget "BaseProjectUITests" */ = {
			isa = XCConfigurationList;
			buildConfigurations = (
				A36DEB0120E5BD3C0021439F /* Debug */,
				A36DEB0220E5BD3C0021439F /* Release */,
			);
			defaultConfigurationIsVisible = 0;
			defaultConfigurationName = Release;
		};
/* End XCConfigurationList section */
	};
	rootObject = A36DEACA20E5BD3B0021439F /* Project object */;
}
